// !$*UTF8*$!
{
	archiveVersion = 1;
	classes = {
	};
	objectVersion = 46;
	objects = {

/* Begin PBXBuildFile section */
		A3E5F35C1F30F38B00771802 /* AppDelegate.swift in Sources */ = {isa = PBXBuildFile; fileRef = A3E5F35B1F30F38B00771802 /* AppDelegate.swift */; };
		A3E5F35E1F30F38B00771802 /* ViewController.swift in Sources */ = {isa = PBXBuildFile; fileRef = A3E5F35D1F30F38B00771802 /* ViewController.swift */; };
		A3E5F3611F30F38B00771802 /* Main.storyboard in Resources */ = {isa = PBXBuildFile; fileRef = A3E5F35F1F30F38B00771802 /* Main.storyboard */; };
		A3E5F3631F30F38B00771802 /* Assets.xcassets in Resources */ = {isa = PBXBuildFile; fileRef = A3E5F3621F30F38B00771802 /* Assets.xcassets */; };
		A3E5F3661F30F38B00771802 /* LaunchScreen.storyboard in Resources */ = {isa = PBXBuildFile; fileRef = A3E5F3641F30F38B00771802 /* LaunchScreen.storyboard */; };
/* End PBXBuildFile section */

/* Begin PBXFileReference section */
		A3E5F3581F30F38B00771802 /* Quiz2.app */ = {isa = PBXFileReference; explicitFileType = wrapper.application; includeInIndex = 0; path = Quiz2.app; sourceTree = BUILT_PRODUCTS_DIR; };
		A3E5F35B1F30F38B00771802 /* AppDelegate.swift */ = {isa = PBXFileReference; lastKnownFileType = sourcecode.swift; path = AppDelegate.swift; sourceTree = "<group>"; };
		A3E5F35D1F30F38B00771802 /* ViewController.swift */ = {isa = PBXFileReference; lastKnownFileType = sourcecode.swift; path = ViewController.swift; sourceTree = "<group>"; };
		A3E5F3601F30F38B00771802 /* Base */ = {isa = PBXFileReference; lastKnownFileType = file.storyboard; name = Base; path = Base.lproj/Main.storyboard; sourceTree = "<group>"; };
		A3E5F3621F30F38B00771802 /* Assets.xcassets */ = {isa = PBXFileReference; lastKnownFileType = folder.assetcatalog; path = Assets.xcassets; sourceTree = "<group>"; };
		A3E5F3651F30F38B00771802 /* Base */ = {isa = PBXFileReference; lastKnownFileType = file.storyboard; name = Base; path = Base.lproj/LaunchScreen.storyboard; sourceTree = "<group>"; };
		A3E5F3671F30F38B00771802 /* Info.plist */ = {isa = PBXFileReference; lastKnownFileType = text.plist.xml; path = Info.plist; sourceTree = "<group>"; };
/* End PBXFileReference section */

/* Begin PBXFrameworksBuildPhase section */
		A3E5F3551F30F38B00771802 /* Frameworks */ = {
			isa = PBXFrameworksBuildPhase;
			buildActionMask = 2147483647;
			files = (
			);
			runOnlyForDeploymentPostprocessing = 0;
		};
/* End PBXFrameworksBuildPhase section */

/* Begin PBXGroup section */
		A3E5F34F1F30F38B00771802 = {
			isa = PBXGroup;
			children = (
				A3E5F35A1F30F38B00771802 /* Quiz2 */,
				A3E5F3591F30F38B00771802 /* Products */,
			);
			sourceTree = "<group>";
		};
		A3E5F3591F30F38B00771802 /* Products */ = {
			isa = PBXGroup;
			children = (
				A3E5F3581F30F38B00771802 /* Quiz2.app */,
			);
			name = Products;
			sourceTree = "<group>";
		};
		A3E5F35A1F30F38B00771802 /* Quiz2 */ = {
			isa = PBXGroup;
			children = (
				A3E5F35B1F30F38B00771802 /* AppDelegate.swift */,
				A3E5F35D1F30F38B00771802 /* ViewController.swift */,
				A3E5F35F1F30F38B00771802 /* Main.storyboard */,
				A3E5F3621F30F38B00771802 /* Assets.xcassets */,
				A3E5F3641F30F38B00771802 /* LaunchScreen.storyboard */,
				A3E5F3671F30F38B00771802 /* Info.plist */,
			);
			path = Quiz2;
			sourceTree = "<group>";
		};
/* End PBXGroup section */

/* Begin PBXNativeTarget section */
		A3E5F3571F30F38B00771802 /* Quiz2 */ = {
			isa = PBXNativeTarget;
			buildConfigurationList = A3E5F36A1F30F38B00771802 /* Build configuration list for PBXNativeTarget "Quiz2" */;
			buildPhases = (
				A3E5F3541F30F38B00771802 /* Sources */,
				A3E5F3551F30F38B00771802 /* Frameworks */,
				A3E5F3561F30F38B00771802 /* Resources */,
			);
			buildRules = (
			);
			dependencies = (
			);
			name = Quiz2;
			productName = Quiz2;
			productReference = A3E5F3581F30F38B00771802 /* Quiz2.app */;
			productType = "com.apple.product-type.application";
		};
/* End PBXNativeTarget section */

/* Begin PBXProject section */
		A3E5F3501F30F38B00771802 /* Project object */ = {
			isa = PBXProject;
			attributes = {
				LastSwiftUpdateCheck = 0710;
				LastUpgradeCheck = 0710;
				ORGANIZATIONNAME = LukeLukeLuke;
				TargetAttributes = {
					A3E5F3571F30F38B00771802 = {
						CreatedOnToolsVersion = 7.1;
						DevelopmentTeam = ZQKNW77UT3;
					};
				};
			};
			buildConfigurationList = A3E5F3531F30F38B00771802 /* Build configuration list for PBXProject "Quiz2" */;
			compatibilityVersion = "Xcode 3.2";
			developmentRegion = English;
			hasScannedForEncodings = 0;
			knownRegions = (
				en,
				Base,
			);
			mainGroup = A3E5F34F1F30F38B00771802;
			productRefGroup = A3E5F3591F30F38B00771802 /* Products */;
			projectDirPath = "";
			projectRoot = "";
			targets = (
				A3E5F3571F30F38B00771802 /* Quiz2 */,
			);
		};
/* End PBXProject section */

/* Begin PBXResourcesBuildPhase section */
		A3E5F3561F30F38B00771802 /* Resources */ = {
			isa = PBXResourcesBuildPhase;
			buildActionMask = 2147483647;
			files = (
				A3E5F3661F30F38B00771802 /* LaunchScreen.storyboard in Resources */,
				A3E5F3631F30F38B00771802 /* Assets.xcassets in Resources */,
				A3E5F3611F30F38B00771802 /* Main.storyboard in Resources */,
			);
			runOnlyForDeploymentPostprocessing = 0;
		};
/* End PBXResourcesBuildPhase section */

/* Begin PBXSourcesBuildPhase section */
		A3E5F3541F30F38B00771802 /* Sources */ = {
			isa = PBXSourcesBuildPhase;
			buildActionMask = 2147483647;
			files = (
				A3E5F35E1F30F38B00771802 /* ViewController.swift in Sources */,
				A3E5F35C1F30F38B00771802 /* AppDelegate.swift in Sources */,
			);
			runOnlyForDeploymentPostprocessing = 0;
		};
/* End PBXSourcesBuildPhase section */

/* Begin PBXVariantGroup section */
		A3E5F35F1F30F38B00771802 /* Main.storyboard */ = {
			isa = PBXVariantGroup;
			children = (
				A3E5F3601F30F38B00771802 /* Base */,
			);
			name = Main.storyboard;
			sourceTree = "<group>";
		};
		A3E5F3641F30F38B00771802 /* LaunchScreen.storyboard */ = {
			isa = PBXVariantGroup;
			children = (
				A3E5F3651F30F38B00771802 /* Base */,
			);
			name = LaunchScreen.storyboard;
			sourceTree = "<group>";
		};
/* End PBXVariantGroup section */

/* Begin XCBuildConfiguration section */
		A3E5F3681F30F38B00771802 /* Debug */ = {
			isa = XCBuildConfiguration;
			buildSettings = {
				ALWAYS_SEARCH_USER_PATHS = NO;
				CLANG_CXX_LANGUAGE_STANDARD = "gnu++0x";
				CLANG_CXX_LIBRARY = "libc++";
				CLANG_ENABLE_MODULES = YES;
				CLANG_ENABLE_OBJC_ARC = YES;
				CLANG_WARN_BOOL_CONVERSION = YES;
				CLANG_WARN_CONSTANT_CONVERSION = YES;
				CLANG_WARN_DIRECT_OBJC_ISA_USAGE = YES_ERROR;
				CLANG_WARN_EMPTY_BODY = YES;
				CLANG_WARN_ENUM_CONVERSION = YES;
				CLANG_WARN_INT_CONVERSION = YES;
				CLANG_WARN_OBJC_ROOT_CLASS = YES_ERROR;
				CLANG_WARN_UNREACHABLE_CODE = YES;
				CLANG_WARN__DUPLICATE_METHOD_MATCH = YES;
				"CODE_SIGN_IDENTITY[sdk=iphoneos*]" = "iPhone Developer";
				COPY_PHASE_STRIP = NO;
				DEBUG_INFORMATION_FORMAT = dwarf;
				ENABLE_STRICT_OBJC_MSGSEND = YES;
				ENABLE_TESTABILITY = YES;
				GCC_C_LANGUAGE_STANDARD = gnu99;
				GCC_DYNAMIC_NO_PIC = NO;
				GCC_NO_COMMON_BLOCKS = YES;
				GCC_OPTIMIZATION_LEVEL = 0;
				GCC_PREPROCESSOR_DEFINITIONS = (
					"DEBUG=1",
					"$(inherited)",
				);
				GCC_WARN_64_TO_32_BIT_CONVERSION = YES;
				GCC_WARN_ABOUT_RETURN_TYPE = YES_ERROR;
				GCC_WARN_UNDECLARED_SELECTOR = YES;
				GCC_WARN_UNINITIALIZED_AUTOS = YES_AGGRESSIVE;
				GCC_WARN_UNUSED_FUNCTION = YES;
				GCC_WARN_UNUSED_VARIABLE = YES;
				IPHONEOS_DEPLOYMENT_TARGET = 9.1;
				MTL_ENABLE_DEBUG_INFO = YES;
				ONLY_ACTIVE_ARCH = YES;
				SDKROOT = iphoneos;
				SWIFT_OPTIMIZATION_LEVEL = "-Onone";
			};
			name = Debug;
		};
		A3E5F3691F30F38B00771802 /* Release */ = {
			isa = XCBuildConfiguration;
			buildSettings = {
				ALWAYS_SEARCH_USER_PATHS = NO;
				CLANG_CXX_LANGUAGE_STANDARD = "gnu++0x";
				CLANG_CXX_LIBRARY = "libc++";
				CLANG_ENABLE_MODULES = YES;
				CLANG_ENABLE_OBJC_ARC = YES;
				CLANG_WARN_BOOL_CONVERSION = YES;
				CLANG_WARN_CONSTANT_CONVERSION = YES;
				CLANG_WARN_DIRECT_OBJC_ISA_USAGE = YES_ERROR;
				CLANG_WARN_EMPTY_BODY = YES;
				CLANG_WARN_ENUM_CONVERSION = YES;
				CLANG_WARN_INT_CONVERSION = YES;
				CLANG_WARN_OBJC_ROOT_CLASS = YES_ERROR;
				CLANG_WARN_UNREACHABLE_CODE = YES;
				CLANG_WARN__DUPLICATE_METHOD_MATCH = YES;
				"CODE_SIGN_IDENTITY[sdk=iphoneos*]" = "iPhone Developer";
				COPY_PHASE_STRIP = NO;
				DEBUG_INFORMATION_FORMAT = "dwarf-with-dsym";
				ENABLE_NS_ASSERTIONS = NO;
				ENABLE_STRICT_OBJC_MSGSEND = YES;
				GCC_C_LANGUAGE_STANDARD = gnu99;
				GCC_NO_COMMON_BLOCKS = YES;
				GCC_WARN_64_TO_32_BIT_CONVERSION = YES;
				GCC_WARN_ABOUT_RETURN_TYPE = YES_ERROR;
				GCC_WARN_UNDECLARED_SELECTOR = YES;
				GCC_WARN_UNINITIALIZED_AUTOS = YES_AGGRESSIVE;
				GCC_WARN_UNUSED_FUNCTION = YES;
				GCC_WARN_UNUSED_VARIABLE = YES;
				IPHONEOS_DEPLOYMENT_TARGET = 9.1;
				MTL_ENABLE_DEBUG_INFO = NO;
				SDKROOT = iphoneos;
				VALIDATE_PRODUCT = YES;
			};
			name = Release;
		};
		A3E5F36B1F30F38B00771802 /* Debug */ = {
			isa = XCBuildConfiguration;
			buildSettings = {
				ASSETCATALOG_COMPILER_APPICON_NAME = AppIcon;
				INFOPLIST_FILE = Quiz2/Info.plist;
				LD_RUNPATH_SEARCH_PATHS = "$(inherited) @executable_path/Frameworks";
				PRODUCT_BUNDLE_IDENTIFIER = Luke.Quiz2;
				PRODUCT_NAME = "$(TARGET_NAME)";
			};
			name = Debug;
		};
		A3E5F36C1F30F38B00771802 /* Release */ = {
			isa = XCBuildConfiguration;
			buildSettings = {
				ASSETCATALOG_COMPILER_APPICON_NAME = AppIcon;
				INFOPLIST_FILE = Quiz2/Info.plist;
				LD_RUNPATH_SEARCH_PATHS = "$(inherited) @executable_path/Frameworks";
				PRODUCT_BUNDLE_IDENTIFIER = Luke.Quiz2;
				PRODUCT_NAME = "$(TARGET_NAME)";
			};
			name = Release;
		};
/* End XCBuildConfiguration section */

/* Begin XCConfigurationList section */
		A3E5F3531F30F38B00771802 /* Build configuration list for PBXProject "Quiz2" */ = {
			isa = XCConfigurationList;
			buildConfigurations = (
				A3E5F3681F30F38B00771802 /* Debug */,
				A3E5F3691F30F38B00771802 /* Release */,
			);
			defaultConfigurationIsVisible = 0;
			defaultConfigurationName = Release;
		};
		A3E5F36A1F30F38B00771802 /* Build configuration list for PBXNativeTarget "Quiz2" */ = {
			isa = XCConfigurationList;
			buildConfigurations = (
				A3E5F36B1F30F38B00771802 /* Debug */,
				A3E5F36C1F30F38B00771802 /* Release */,
			);
			defaultConfigurationIsVisible = 0;
		};
/* End XCConfigurationList section */
	};
	rootObject = A3E5F3501F30F38B00771802 /* Project object */;
}
